# This file is automatically @generated by Cargo.
# It is not intended for manual editing.
version = 4

[[package]]
name = "aurora-auth"
version = "0.1.0"
dependencies = [
 "aurora-base",
]

[[package]]
name = "aurora-base"
version = "0.1.0"

[[package]]
name = "aurora-cli"
version = "0.1.0"
dependencies = [
 "aurora-core",
]

[[package]]
name = "aurora-core"
version = "0.1.0"
dependencies = [
 "aurora-auth",
 "aurora-base",
 "aurora-download",
 "aurora-install",
 "aurora-instance",
 "aurora-java",
 "aurora-launch",
 "aurora-modplatform",
 "aurora-version",
]

[[package]]
name = "aurora-download"
version = "0.1.0"
dependencies = [
 "aurora-base",
]

[[package]]
name = "aurora-install"
version = "0.1.0"
dependencies = [
 "aurora-base",
 "aurora-download",
 "aurora-version",
]

[[package]]
name = "aurora-instance"
version = "0.1.0"
dependencies = [
 "aurora-base",
 "aurora-version",
]

[[package]]
name = "aurora-java"
version = "0.1.0"
dependencies = [
 "aurora-base",
]

[[package]]
name = "aurora-launch"
version = "0.1.0"
dependencies = [
 "aurora-auth",
 "aurora-base",
 "aurora-instance",
 "aurora-java",
 "aurora-version",
]

[[package]]
name = "aurora-modplatform"
version = "0.1.0"
dependencies = [
 "aurora-base",
 "aurora-download",
]

[[package]]
name = "aurora-version"
version = "0.1.0"
